
Microsoft Visual Studio Solution File, Format Version 12.00
# Visual Studio Version 17
VisualStudioVersion = 17.0.31912.275
MinimumVisualStudioVersion = 10.0.40219.1
Project("{FAE04EC0-301F-11D3-BF4B-00C04F79EFBC}") = "CaptureApp", "CaptureApp.csproj", "{B3B044F9-DB6D-475A-B62A-11629CD94D3C}"
EndProject
Global
	GlobalSection(SolutionConfigurationPlatforms) = preSolution
		Debug|Any CPU = Debug|Any CPU
		Release|Any CPU = Release|Any CPU
	EndGlobalSection
	GlobalSection(ProjectConfigurationPlatforms) = postSolution
		{B3B044F9-DB6D-475A-B62A-11629CD94D3C}.Debug|Any CPU.ActiveCfg = Debug|Any CPU
		{B3B044F9-DB6D-475A-B62A-11629CD94D3C}.Debug|Any CPU.Build.0 = Debug|Any CPU
		{B3B044F9-DB6D-475A-B62A-11629CD94D3C}.Release|Any CPU.ActiveCfg = Release|Any CPU
		{B3B044F9-DB6D-475A-B62A-11629CD94D3C}.Release|Any CPU.Build.0 = Release|Any CPU
	EndGlobalSection
	GlobalSection(SolutionProperties) = preSolution
		HideSolutionNode = FALSE
	EndGlobalSection
	GlobalSection(ExtensibilityGlobals) = postSolution
		SolutionGuid = {430C0401-813C-4E99-9DD6-E37D1354CE6C}
	EndGlobalSection
EndGlobal
